
Microsoft Visual Studio Solution File, Format Version 12.00
# Visual Studio Version 17
VisualStudioVersion = 17.1.32407.343
MinimumVisualStudioVersion = 10.0.40219.1
Project("{FAE04EC0-301F-11D3-BF4B-00C04F79EFBC}") = "Exercize_06", "Exercize_06\Exercize_06.csproj", "{9B72E285-F227-4834-B6B3-CA7733393840}"
EndProject
Global
	GlobalSection(SolutionConfigurationPlatforms) = preSolution
		Debug|Any CPU = Debug|Any CPU
		Release|Any CPU = Release|Any CPU
	EndGlobalSection
	GlobalSection(ProjectConfigurationPlatforms) = postSolution
		{9B72E285-F227-4834-B6B3-CA7733393840}.Debug|Any CPU.ActiveCfg = Debug|Any CPU
		{9B72E285-F227-4834-B6B3-CA7733393840}.Debug|Any CPU.Build.0 = Debug|Any CPU
		{9B72E285-F227-4834-B6B3-CA7733393840}.Release|Any CPU.ActiveCfg = Release|Any CPU
		{9B72E285-F227-4834-B6B3-CA7733393840}.Release|Any CPU.Build.0 = Release|Any CPU
	EndGlobalSection
	GlobalSection(SolutionProperties) = preSolution
		HideSolutionNode = FALSE
	EndGlobalSection
	GlobalSection(ExtensibilityGlobals) = postSolution
		SolutionGuid = {BEA43706-3784-4DE5-881D-A33A0574BF86}
	EndGlobalSection
EndGlobal
