
Microsoft Visual Studio Solution File, Format Version 12.00
# Visual Studio Version 17
VisualStudioVersion = 17.1.32407.343
MinimumVisualStudioVersion = 10.0.40219.1
Project("{FAE04EC0-301F-11D3-BF4B-00C04F79EFBC}") = "Exercise_06", "Exercise_06\Exercise_06.csproj", "{B55DA7AD-6A45-4A09-B7D7-2E3814DFA074}"
EndProject
Global
	GlobalSection(SolutionConfigurationPlatforms) = preSolution
		Debug|Any CPU = Debug|Any CPU
		Release|Any CPU = Release|Any CPU
	EndGlobalSection
	GlobalSection(ProjectConfigurationPlatforms) = postSolution
		{B55DA7AD-6A45-4A09-B7D7-2E3814DFA074}.Debug|Any CPU.ActiveCfg = Debug|Any CPU
		{B55DA7AD-6A45-4A09-B7D7-2E3814DFA074}.Debug|Any CPU.Build.0 = Debug|Any CPU
		{B55DA7AD-6A45-4A09-B7D7-2E3814DFA074}.Release|Any CPU.ActiveCfg = Release|Any CPU
		{B55DA7AD-6A45-4A09-B7D7-2E3814DFA074}.Release|Any CPU.Build.0 = Release|Any CPU
	EndGlobalSection
	GlobalSection(SolutionProperties) = preSolution
		HideSolutionNode = FALSE
	EndGlobalSection
	GlobalSection(ExtensibilityGlobals) = postSolution
		SolutionGuid = {E3B53EFD-04C5-440D-8796-8B055559BAA1}
	EndGlobalSection
EndGlobal
